
Microsoft Visual Studio Solution File, Format Version 12.00
# Visual Studio 15
VisualStudioVersion = 15.0.26403.7
MinimumVisualStudioVersion = 10.0.40219.1
Project("{FAE04EC0-301F-11D3-BF4B-00C04F79EFBC}") = "JAM.WebScraper.Android", "JAM.WebScraper.Android.csproj", "{77E12ED6-6C79-4925-B5BD-9A002226FBBD}"
EndProject
Project("{FAE04EC0-301F-11D3-BF4B-00C04F79EFBC}") = "JAM.WebScraper.dto", "..\JAM.WebScraper.dto\JAM.WebScraper.dto.csproj", "{DAB3323B-6235-4AA5-8864-EF8F2F4D5D5D}"
EndProject
Global
	GlobalSection(SolutionConfigurationPlatforms) = preSolution
		Android|Any CPU = Android|Any CPU
		Cordova|Any CPU = Cordova|Any CPU
		Debug|Any CPU = Debug|Any CPU
		Release|Any CPU = Release|Any CPU
	EndGlobalSection
	GlobalSection(ProjectConfigurationPlatforms) = postSolution
		{77E12ED6-6C79-4925-B5BD-9A002226FBBD}.Android|Any CPU.ActiveCfg = Release|Any CPU
		{77E12ED6-6C79-4925-B5BD-9A002226FBBD}.Android|Any CPU.Build.0 = Release|Any CPU
		{77E12ED6-6C79-4925-B5BD-9A002226FBBD}.Android|Any CPU.Deploy.0 = Release|Any CPU
		{77E12ED6-6C79-4925-B5BD-9A002226FBBD}.Cordova|Any CPU.ActiveCfg = Release|Any CPU
		{77E12ED6-6C79-4925-B5BD-9A002226FBBD}.Cordova|Any CPU.Build.0 = Release|Any CPU
		{77E12ED6-6C79-4925-B5BD-9A002226FBBD}.Cordova|Any CPU.Deploy.0 = Release|Any CPU
		{77E12ED6-6C79-4925-B5BD-9A002226FBBD}.Debug|Any CPU.ActiveCfg = Debug|Any CPU
		{77E12ED6-6C79-4925-B5BD-9A002226FBBD}.Debug|Any CPU.Build.0 = Debug|Any CPU
		{77E12ED6-6C79-4925-B5BD-9A002226FBBD}.Debug|Any CPU.Deploy.0 = Debug|Any CPU
		{77E12ED6-6C79-4925-B5BD-9A002226FBBD}.Release|Any CPU.ActiveCfg = Release|Any CPU
		{77E12ED6-6C79-4925-B5BD-9A002226FBBD}.Release|Any CPU.Build.0 = Release|Any CPU
		{77E12ED6-6C79-4925-B5BD-9A002226FBBD}.Release|Any CPU.Deploy.0 = Release|Any CPU
		{DAB3323B-6235-4AA5-8864-EF8F2F4D5D5D}.Android|Any CPU.ActiveCfg = Android|Any CPU
		{DAB3323B-6235-4AA5-8864-EF8F2F4D5D5D}.Android|Any CPU.Build.0 = Android|Any CPU
		{DAB3323B-6235-4AA5-8864-EF8F2F4D5D5D}.Cordova|Any CPU.ActiveCfg = Cordova|Any CPU
		{DAB3323B-6235-4AA5-8864-EF8F2F4D5D5D}.Cordova|Any CPU.Build.0 = Cordova|Any CPU
		{DAB3323B-6235-4AA5-8864-EF8F2F4D5D5D}.Debug|Any CPU.ActiveCfg = Debug|Any CPU
		{DAB3323B-6235-4AA5-8864-EF8F2F4D5D5D}.Debug|Any CPU.Build.0 = Debug|Any CPU
		{DAB3323B-6235-4AA5-8864-EF8F2F4D5D5D}.Release|Any CPU.ActiveCfg = Release|Any CPU
		{DAB3323B-6235-4AA5-8864-EF8F2F4D5D5D}.Release|Any CPU.Build.0 = Release|Any CPU
	EndGlobalSection
	GlobalSection(SolutionProperties) = preSolution
		HideSolutionNode = FALSE
	EndGlobalSection
EndGlobal
